<Solution>
  <Folder Name="/samples/">
    <Project Path="samples/QuickStart/QuickStart.csproj" />
  </Folder>
  <Folder Name="/src/">
    <Project Path="src/Jev.DotNet/Jev.DotNet.csproj" />
  </Folder>
  <Folder Name="/tests/">
    <Project Path="tests/Jev.DotNet.Tests/Jev.DotNet.Tests.csproj" />
  </Folder>
</Solution>
